
Microsoft Visual Studio Solution File, Format Version 12.00
# Visual Studio Version 17
VisualStudioVersion = 17.0.32112.339
MinimumVisualStudioVersion = 10.0.40219.1
Project("{FAE04EC0-301F-11D3-BF4B-00C04F79EFBC}") = "CSGOExternal", "CSGOExternal\CSGOExternal.csproj", "{C301D66D-B695-4B8D-B5B1-BD8783AE9F31}"
EndProject
Global
	GlobalSection(SolutionConfigurationPlatforms) = preSolution
		Debug|Any CPU = Debug|Any CPU
		Release|Any CPU = Release|Any CPU
	EndGlobalSection
	GlobalSection(ProjectConfigurationPlatforms) = postSolution
		{C301D66D-B695-4B8D-B5B1-BD8783AE9F31}.Debug|Any CPU.ActiveCfg = Debug|Any CPU
		{C301D66D-B695-4B8D-B5B1-BD8783AE9F31}.Debug|Any CPU.Build.0 = Debug|Any CPU
		{C301D66D-B695-4B8D-B5B1-BD8783AE9F31}.Release|Any CPU.ActiveCfg = Release|Any CPU
		{C301D66D-B695-4B8D-B5B1-BD8783AE9F31}.Release|Any CPU.Build.0 = Release|Any CPU
	EndGlobalSection
	GlobalSection(SolutionProperties) = preSolution
		HideSolutionNode = FALSE
	EndGlobalSection
	GlobalSection(ExtensibilityGlobals) = postSolution
		SolutionGuid = {E3D7C107-0116-436C-B50C-7D799F4FB5F4}
	EndGlobalSection
EndGlobal
